# This file is autogenerated, do not edit; changes may be undone by the next 'dep ensure'.


[[projects]]
  branch = "master"
  name = "github.com/ALTree/bigfloat"
  packages = ["."]
  revision = "ae0f20de766ed823c6eac83329e2a6731da14413"

[solve-meta]
  analyzer-name = "dep"
  analyzer-version = 1
  inputs-digest = "97e266c248ecfaa2f35912b11e0e8e10277b2f7b1870cd456036f5f1dda06461"
  solver-name = "gps-cdcl"
  solver-version = 1
